{
  "name": "requirements",
  "lockfileVersion": 3,
  "requires": true,
  "packages": {
    "": {
      "dependencies": {
        "jquery.flipster": "^1.1.6"
      }
    },
    "node_modules/jquery.flipster": {
      "version": "1.1.6",
      "resolved": "https://registry.npmjs.org/jquery.flipster/-/jquery.flipster-1.1.6.tgz",
      "integrity": "sha512-4vD7+KO/Jec1ZdAwMc3aeQb+qfBF6X6EX2DPRkMBvUq6lpjCp+s8+F0xjSTKIiMxjF0ecVFhUGCKalhByp3DcA=="
    }
  }
}
